
Microsoft Visual Studio Solution File, Format Version 12.00
# Visual Studio Version 16
VisualStudioVersion = 16.0.30907.101
MinimumVisualStudioVersion = 10.0.40219.1
Project("{FAE04EC0-301F-11D3-BF4B-00C04F79EFBC}") = "SEMV_MRO_Tracking", "SEMV_MRO_Tracking\SEMV_MRO_Tracking.csproj", "{0B747F81-68C9-46FE-8950-AA74DF31C1B2}"
EndProject
Global
	GlobalSection(SolutionConfigurationPlatforms) = preSolution
		Debug|Any CPU = Debug|Any CPU
		Release|Any CPU = Release|Any CPU
	EndGlobalSection
	GlobalSection(ProjectConfigurationPlatforms) = postSolution
		{0B747F81-68C9-46FE-8950-AA74DF31C1B2}.Debug|Any CPU.ActiveCfg = Debug|Any CPU
		{0B747F81-68C9-46FE-8950-AA74DF31C1B2}.Debug|Any CPU.Build.0 = Debug|Any CPU
		{0B747F81-68C9-46FE-8950-AA74DF31C1B2}.Release|Any CPU.ActiveCfg = Release|Any CPU
		{0B747F81-68C9-46FE-8950-AA74DF31C1B2}.Release|Any CPU.Build.0 = Release|Any CPU
	EndGlobalSection
	GlobalSection(SolutionProperties) = preSolution
		HideSolutionNode = FALSE
	EndGlobalSection
	GlobalSection(ExtensibilityGlobals) = postSolution
		SolutionGuid = {689A429C-8C1F-43EE-B827-406C8D75815D}
	EndGlobalSection
EndGlobal
